
Microsoft Visual Studio Solution File, Format Version 12.00
# Visual Studio Version 16
VisualStudioVersion = 16.0.29009.5
MinimumVisualStudioVersion = 10.0.40219.1
Project("{FAE04EC0-301F-11D3-BF4B-00C04F79EFBC}") = "CV", "CV.csproj", "{46C596C8-F086-4BE6-9851-393CE21FE049}"
EndProject
Global
	GlobalSection(SolutionConfigurationPlatforms) = preSolution
		Debug|Any CPU = Debug|Any CPU
		Release|Any CPU = Release|Any CPU
	EndGlobalSection
	GlobalSection(ProjectConfigurationPlatforms) = postSolution
		{46C596C8-F086-4BE6-9851-393CE21FE049}.Debug|Any CPU.ActiveCfg = Debug|Any CPU
		{46C596C8-F086-4BE6-9851-393CE21FE049}.Debug|Any CPU.Build.0 = Debug|Any CPU
		{46C596C8-F086-4BE6-9851-393CE21FE049}.Release|Any CPU.ActiveCfg = Release|Any CPU
		{46C596C8-F086-4BE6-9851-393CE21FE049}.Release|Any CPU.Build.0 = Release|Any CPU
	EndGlobalSection
	GlobalSection(SolutionProperties) = preSolution
		HideSolutionNode = FALSE
	EndGlobalSection
	GlobalSection(ExtensibilityGlobals) = postSolution
		SolutionGuid = {9D79EB33-785F-4E9C-8274-AF6CA70D4BB5}
	EndGlobalSection
EndGlobal
